
Microsoft Visual Studio Solution File, Format Version 12.00
# Visual Studio Version 17
VisualStudioVersion = 17.0.31903.59
MinimumVisualStudioVersion = 10.0.40219.1
Project("{2150E333-8FDC-42A3-9474-1A3956D46DE8}") = "core", "core", "{B759D925-344E-41FA-9468-7F0460FFAB08}"
EndProject
Project("{FAE04EC0-301F-11D3-BF4B-00C04F79EFBC}") = "medHealth.core", "core\medHealth.core\medHealth.core.csproj", "{E4821930-C0B4-4AFD-96ED-3EF0C373FF0E}"
EndProject
Project("{2150E333-8FDC-42A3-9474-1A3956D46DE8}") = "api", "api", "{77F0A8DB-F645-47A4-A947-520771DA97A6}"
EndProject
Project("{FAE04EC0-301F-11D3-BF4B-00C04F79EFBC}") = "medHealth.api", "api\medHealth.api\medHealth.api.csproj", "{E99E6BF0-7E36-4737-AD43-7E08071F61B1}"
EndProject
Project("{2150E333-8FDC-42A3-9474-1A3956D46DE8}") = "dataStore", "dataStore", "{BD8CC7D3-7134-4393-A2D9-5B00672691D5}"
EndProject
Project("{FAE04EC0-301F-11D3-BF4B-00C04F79EFBC}") = "medHealth.dataStore", "dataStore\medHealth.dataStore\medHealth.dataStore.csproj", "{51D1B9EA-D3EB-422C-A935-1284D97CE32B}"
EndProject
Project("{2150E333-8FDC-42A3-9474-1A3956D46DE8}") = "infrastructure", "infrastructure", "{CC8F1CA4-516E-4CB0-83E6-771B5BA5A918}"
EndProject
Project("{FAE04EC0-301F-11D3-BF4B-00C04F79EFBC}") = "medHealth.notification", "infrastructure\medHealth.notification\medHealth.notification.csproj", "{3CB731F1-0606-4228-AD4C-FAB3DCFEB29C}"
EndProject
Project("{2150E333-8FDC-42A3-9474-1A3956D46DE8}") = "testing", "testing", "{83A3E3EA-1B62-49F0-9CD6-C8FA1AF43AEF}"
EndProject
Project("{FAE04EC0-301F-11D3-BF4B-00C04F79EFBC}") = "medHealth.unitTesting", "testing\medHealth.unitTesting\medHealth.unitTesting.csproj", "{7DF400E6-759A-4E0B-8598-FA29B5B240E4}"
EndProject
Global
	GlobalSection(SolutionConfigurationPlatforms) = preSolution
		Debug|Any CPU = Debug|Any CPU
		Release|Any CPU = Release|Any CPU
	EndGlobalSection
	GlobalSection(SolutionProperties) = preSolution
		HideSolutionNode = FALSE
	EndGlobalSection
	GlobalSection(ProjectConfigurationPlatforms) = postSolution
		{E4821930-C0B4-4AFD-96ED-3EF0C373FF0E}.Debug|Any CPU.ActiveCfg = Debug|Any CPU
		{E4821930-C0B4-4AFD-96ED-3EF0C373FF0E}.Debug|Any CPU.Build.0 = Debug|Any CPU
		{E4821930-C0B4-4AFD-96ED-3EF0C373FF0E}.Release|Any CPU.ActiveCfg = Release|Any CPU
		{E4821930-C0B4-4AFD-96ED-3EF0C373FF0E}.Release|Any CPU.Build.0 = Release|Any CPU
		{E99E6BF0-7E36-4737-AD43-7E08071F61B1}.Debug|Any CPU.ActiveCfg = Debug|Any CPU
		{E99E6BF0-7E36-4737-AD43-7E08071F61B1}.Debug|Any CPU.Build.0 = Debug|Any CPU
		{E99E6BF0-7E36-4737-AD43-7E08071F61B1}.Release|Any CPU.ActiveCfg = Release|Any CPU
		{E99E6BF0-7E36-4737-AD43-7E08071F61B1}.Release|Any CPU.Build.0 = Release|Any CPU
		{51D1B9EA-D3EB-422C-A935-1284D97CE32B}.Debug|Any CPU.ActiveCfg = Debug|Any CPU
		{51D1B9EA-D3EB-422C-A935-1284D97CE32B}.Debug|Any CPU.Build.0 = Debug|Any CPU
		{51D1B9EA-D3EB-422C-A935-1284D97CE32B}.Release|Any CPU.ActiveCfg = Release|Any CPU
		{51D1B9EA-D3EB-422C-A935-1284D97CE32B}.Release|Any CPU.Build.0 = Release|Any CPU
		{3CB731F1-0606-4228-AD4C-FAB3DCFEB29C}.Debug|Any CPU.ActiveCfg = Debug|Any CPU
		{3CB731F1-0606-4228-AD4C-FAB3DCFEB29C}.Debug|Any CPU.Build.0 = Debug|Any CPU
		{3CB731F1-0606-4228-AD4C-FAB3DCFEB29C}.Release|Any CPU.ActiveCfg = Release|Any CPU
		{3CB731F1-0606-4228-AD4C-FAB3DCFEB29C}.Release|Any CPU.Build.0 = Release|Any CPU
		{7DF400E6-759A-4E0B-8598-FA29B5B240E4}.Debug|Any CPU.ActiveCfg = Debug|Any CPU
		{7DF400E6-759A-4E0B-8598-FA29B5B240E4}.Debug|Any CPU.Build.0 = Debug|Any CPU
		{7DF400E6-759A-4E0B-8598-FA29B5B240E4}.Release|Any CPU.ActiveCfg = Release|Any CPU
		{7DF400E6-759A-4E0B-8598-FA29B5B240E4}.Release|Any CPU.Build.0 = Release|Any CPU
	EndGlobalSection
	GlobalSection(NestedProjects) = preSolution
		{E4821930-C0B4-4AFD-96ED-3EF0C373FF0E} = {B759D925-344E-41FA-9468-7F0460FFAB08}
		{E99E6BF0-7E36-4737-AD43-7E08071F61B1} = {77F0A8DB-F645-47A4-A947-520771DA97A6}
		{51D1B9EA-D3EB-422C-A935-1284D97CE32B} = {BD8CC7D3-7134-4393-A2D9-5B00672691D5}
		{3CB731F1-0606-4228-AD4C-FAB3DCFEB29C} = {CC8F1CA4-516E-4CB0-83E6-771B5BA5A918}
		{7DF400E6-759A-4E0B-8598-FA29B5B240E4} = {83A3E3EA-1B62-49F0-9CD6-C8FA1AF43AEF}
	EndGlobalSection
EndGlobal
